// !$*UTF8*$!
{
	archiveVersion = 1;
	classes = {
	};
	objectVersion = 55;
	objects = {

/* Begin PBXBuildFile section */
		83D3A4FD271DA8EB001EEBBB /* App07_ImagePuzzleApp.swift in Sources */ = {isa = PBXBuildFile; fileRef = 83D3A4FC271DA8EB001EEBBB /* App07_ImagePuzzleApp.swift */; };
		83D3A4FF271DA8EB001EEBBB /* PuzzleView.swift in Sources */ = {isa = PBXBuildFile; fileRef = 83D3A4FE271DA8EB001EEBBB /* PuzzleView.swift */; };
		83D3A501271DA8ED001EEBBB /* Assets.xcassets in Resources */ = {isa = PBXBuildFile; fileRef = 83D3A500271DA8ED001EEBBB /* Assets.xcassets */; };
		83D3A504271DA8ED001EEBBB /* Preview Assets.xcassets in Resources */ = {isa = PBXBuildFile; fileRef = 83D3A503271DA8ED001EEBBB /* Preview Assets.xcassets */; };
		83D3A50C271DA986001EEBBB /* Img.swift in Sources */ = {isa = PBXBuildFile; fileRef = 83D3A50B271DA986001EEBBB /* Img.swift */; };
		83D3A50E271DA9C4001EEBBB /* DataModel.swift in Sources */ = {isa = PBXBuildFile; fileRef = 83D3A50D271DA9C4001EEBBB /* DataModel.swift */; };
		83D3A510271DB3D2001EEBBB /* DropViewDelegate.swift in Sources */ = {isa = PBXBuildFile; fileRef = 83D3A50F271DB3D1001EEBBB /* DropViewDelegate.swift */; };
/* End PBXBuildFile section */

/* Begin PBXFileReference section */
		83D3A4F9271DA8EB001EEBBB /* App07-ImagePuzzle.app */ = {isa = PBXFileReference; explicitFileType = wrapper.application; includeInIndex = 0; path = "App07-ImagePuzzle.app"; sourceTree = BUILT_PRODUCTS_DIR; };
		83D3A4FC271DA8EB001EEBBB /* App07_ImagePuzzleApp.swift */ = {isa = PBXFileReference; lastKnownFileType = sourcecode.swift; path = App07_ImagePuzzleApp.swift; sourceTree = "<group>"; };
		83D3A4FE271DA8EB001EEBBB /* PuzzleView.swift */ = {isa = PBXFileReference; lastKnownFileType = sourcecode.swift; path = PuzzleView.swift; sourceTree = "<group>"; };
		83D3A500271DA8ED001EEBBB /* Assets.xcassets */ = {isa = PBXFileReference; lastKnownFileType = folder.assetcatalog; path = Assets.xcassets; sourceTree = "<group>"; };
		83D3A503271DA8ED001EEBBB /* Preview Assets.xcassets */ = {isa = PBXFileReference; lastKnownFileType = folder.assetcatalog; path = "Preview Assets.xcassets"; sourceTree = "<group>"; };
		83D3A50B271DA986001EEBBB /* Img.swift */ = {isa = PBXFileReference; lastKnownFileType = sourcecode.swift; path = Img.swift; sourceTree = "<group>"; };
		83D3A50D271DA9C4001EEBBB /* DataModel.swift */ = {isa = PBXFileReference; lastKnownFileType = sourcecode.swift; path = DataModel.swift; sourceTree = "<group>"; };
		83D3A50F271DB3D1001EEBBB /* DropViewDelegate.swift */ = {isa = PBXFileReference; lastKnownFileType = sourcecode.swift; path = DropViewDelegate.swift; sourceTree = "<group>"; };
/* End PBXFileReference section */

/* Begin PBXFrameworksBuildPhase section */
		83D3A4F6271DA8EB001EEBBB /* Frameworks */ = {
			isa = PBXFrameworksBuildPhase;
			buildActionMask = 2147483647;
			files = (
			);
			runOnlyForDeploymentPostprocessing = 0;
		};
/* End PBXFrameworksBuildPhase section */

/* Begin PBXGroup section */
		83D3A4F0271DA8EB001EEBBB = {
			isa = PBXGroup;
			children = (
				83D3A4FB271DA8EB001EEBBB /* App07-ImagePuzzle */,
				83D3A4FA271DA8EB001EEBBB /* Products */,
			);
			sourceTree = "<group>";
		};
		83D3A4FA271DA8EB001EEBBB /* Products */ = {
			isa = PBXGroup;
			children = (
				83D3A4F9271DA8EB001EEBBB /* App07-ImagePuzzle.app */,
			);
			name = Products;
			sourceTree = "<group>";
		};
		83D3A4FB271DA8EB001EEBBB /* App07-ImagePuzzle */ = {
			isa = PBXGroup;
			children = (
				83D3A50A271DA96E001EEBBB /* Model */,
				83D3A4FC271DA8EB001EEBBB /* App07_ImagePuzzleApp.swift */,
				83D3A4FE271DA8EB001EEBBB /* PuzzleView.swift */,
				83D3A50F271DB3D1001EEBBB /* DropViewDelegate.swift */,
				83D3A500271DA8ED001EEBBB /* Assets.xcassets */,
				83D3A502271DA8ED001EEBBB /* Preview Content */,
			);
			path = "App07-ImagePuzzle";
			sourceTree = "<group>";
		};
		83D3A502271DA8ED001EEBBB /* Preview Content */ = {
			isa = PBXGroup;
			children = (
				83D3A503271DA8ED001EEBBB /* Preview Assets.xcassets */,
			);
			path = "Preview Content";
			sourceTree = "<group>";
		};
		83D3A50A271DA96E001EEBBB /* Model */ = {
			isa = PBXGroup;
			children = (
				83D3A50B271DA986001EEBBB /* Img.swift */,
				83D3A50D271DA9C4001EEBBB /* DataModel.swift */,
			);
			path = Model;
			sourceTree = "<group>";
		};
/* End PBXGroup section */

/* Begin PBXNativeTarget section */
		83D3A4F8271DA8EB001EEBBB /* App07-ImagePuzzle */ = {
			isa = PBXNativeTarget;
			buildConfigurationList = 83D3A507271DA8ED001EEBBB /* Build configuration list for PBXNativeTarget "App07-ImagePuzzle" */;
			buildPhases = (
				83D3A4F5271DA8EB001EEBBB /* Sources */,
				83D3A4F6271DA8EB001EEBBB /* Frameworks */,
				83D3A4F7271DA8EB001EEBBB /* Resources */,
			);
			buildRules = (
			);
			dependencies = (
			);
			name = "App07-ImagePuzzle";
			productName = "App07-ImagePuzzle";
			productReference = 83D3A4F9271DA8EB001EEBBB /* App07-ImagePuzzle.app */;
			productType = "com.apple.product-type.application";
		};
/* End PBXNativeTarget section */

/* Begin PBXProject section */
		83D3A4F1271DA8EB001EEBBB /* Project object */ = {
			isa = PBXProject;
			attributes = {
				BuildIndependentTargetsInParallel = 1;
				LastSwiftUpdateCheck = 1300;
				LastUpgradeCheck = 1300;
				TargetAttributes = {
					83D3A4F8271DA8EB001EEBBB = {
						CreatedOnToolsVersion = 13.0;
					};
				};
			};
			buildConfigurationList = 83D3A4F4271DA8EB001EEBBB /* Build configuration list for PBXProject "App07-ImagePuzzle" */;
			compatibilityVersion = "Xcode 13.0";
			developmentRegion = en;
			hasScannedForEncodings = 0;
			knownRegions = (
				en,
				Base,
			);
			mainGroup = 83D3A4F0271DA8EB001EEBBB;
			productRefGroup = 83D3A4FA271DA8EB001EEBBB /* Products */;
			projectDirPath = "";
			projectRoot = "";
			targets = (
				83D3A4F8271DA8EB001EEBBB /* App07-ImagePuzzle */,
			);
		};
/* End PBXProject section */

/* Begin PBXResourcesBuildPhase section */
		83D3A4F7271DA8EB001EEBBB /* Resources */ = {
			isa = PBXResourcesBuildPhase;
			buildActionMask = 2147483647;
			files = (
				83D3A504271DA8ED001EEBBB /* Preview Assets.xcassets in Resources */,
				83D3A501271DA8ED001EEBBB /* Assets.xcassets in Resources */,
			);
			runOnlyForDeploymentPostprocessing = 0;
		};
/* End PBXResourcesBuildPhase section */

/* Begin PBXSourcesBuildPhase section */
		83D3A4F5271DA8EB001EEBBB /* Sources */ = {
			isa = PBXSourcesBuildPhase;
			buildActionMask = 2147483647;
			files = (
				83D3A50C271DA986001EEBBB /* Img.swift in Sources */,
				83D3A50E271DA9C4001EEBBB /* DataModel.swift in Sources */,
				83D3A4FF271DA8EB001EEBBB /* PuzzleView.swift in Sources */,
				83D3A510271DB3D2001EEBBB /* DropViewDelegate.swift in Sources */,
				83D3A4FD271DA8EB001EEBBB /* App07_ImagePuzzleApp.swift in Sources */,
			);
			runOnlyForDeploymentPostprocessing = 0;
		};
/* End PBXSourcesBuildPhase section */

/* Begin XCBuildConfiguration section */
		83D3A505271DA8ED001EEBBB /* Debug */ = {
			isa = XCBuildConfiguration;
			buildSettings = {
				ALWAYS_SEARCH_USER_PATHS = NO;
				CLANG_ANALYZER_NONNULL = YES;
				CLANG_ANALYZER_NUMBER_OBJECT_CONVERSION = YES_AGGRESSIVE;
				CLANG_CXX_LANGUAGE_STANDARD = "gnu++17";
				CLANG_CXX_LIBRARY = "libc++";
				CLANG_ENABLE_MODULES = YES;
				CLANG_ENABLE_OBJC_ARC = YES;
				CLANG_ENABLE_OBJC_WEAK = YES;
				CLANG_WARN_BLOCK_CAPTURE_AUTORELEASING = YES;
				CLANG_WARN_BOOL_CONVERSION = YES;
				CLANG_WARN_COMMA = YES;
				CLANG_WARN_CONSTANT_CONVERSION = YES;
				CLANG_WARN_DEPRECATED_OBJC_IMPLEMENTATIONS = YES;
				CLANG_WARN_DIRECT_OBJC_ISA_USAGE = YES_ERROR;
				CLANG_WARN_DOCUMENTATION_COMMENTS = YES;
				CLANG_WARN_EMPTY_BODY = YES;
				CLANG_WARN_ENUM_CONVERSION = YES;
				CLANG_WARN_INFINITE_RECURSION = YES;
				CLANG_WARN_INT_CONVERSION = YES;
				CLANG_WARN_NON_LITERAL_NULL_CONVERSION = YES;
				CLANG_WARN_OBJC_IMPLICIT_RETAIN_SELF = YES;
				CLANG_WARN_OBJC_LITERAL_CONVERSION = YES;
				CLANG_WARN_OBJC_ROOT_CLASS = YES_ERROR;
				CLANG_WARN_QUOTED_INCLUDE_IN_FRAMEWORK_HEADER = YES;
				CLANG_WARN_RANGE_LOOP_ANALYSIS = YES;
				CLANG_WARN_STRICT_PROTOTYPES = YES;
				CLANG_WARN_SUSPICIOUS_MOVE = YES;
				CLANG_WARN_UNGUARDED_AVAILABILITY = YES_AGGRESSIVE;
				CLANG_WARN_UNREACHABLE_CODE = YES;
				CLANG_WARN__DUPLICATE_METHOD_MATCH = YES;
				COPY_PHASE_STRIP = NO;
				DEBUG_INFORMATION_FORMAT = dwarf;
				ENABLE_STRICT_OBJC_MSGSEND = YES;
				ENABLE_TESTABILITY = YES;
				GCC_C_LANGUAGE_STANDARD = gnu11;
				GCC_DYNAMIC_NO_PIC = NO;
				GCC_NO_COMMON_BLOCKS = YES;
				GCC_OPTIMIZATION_LEVEL = 0;
				GCC_PREPROCESSOR_DEFINITIONS = (
					"DEBUG=1",
					"$(inherited)",
				);
				GCC_WARN_64_TO_32_BIT_CONVERSION = YES;
				GCC_WARN_ABOUT_RETURN_TYPE = YES_ERROR;
				GCC_WARN_UNDECLARED_SELECTOR = YES;
				GCC_WARN_UNINITIALIZED_AUTOS = YES_AGGRESSIVE;
				GCC_WARN_UNUSED_FUNCTION = YES;
				GCC_WARN_UNUSED_VARIABLE = YES;
				IPHONEOS_DEPLOYMENT_TARGET = 15.0;
				MTL_ENABLE_DEBUG_INFO = INCLUDE_SOURCE;
				MTL_FAST_MATH = YES;
				ONLY_ACTIVE_ARCH = YES;
				SDKROOT = iphoneos;
				SWIFT_ACTIVE_COMPILATION_CONDITIONS = DEBUG;
				SWIFT_OPTIMIZATION_LEVEL = "-Onone";
			};
			name = Debug;
		};
		83D3A506271DA8ED001EEBBB /* Release */ = {
			isa = XCBuildConfiguration;
			buildSettings = {
				ALWAYS_SEARCH_USER_PATHS = NO;
				CLANG_ANALYZER_NONNULL = YES;
				CLANG_ANALYZER_NUMBER_OBJECT_CONVERSION = YES_AGGRESSIVE;
				CLANG_CXX_LANGUAGE_STANDARD = "gnu++17";
				CLANG_CXX_LIBRARY = "libc++";
				CLANG_ENABLE_MODULES = YES;
				CLANG_ENABLE_OBJC_ARC = YES;
				CLANG_ENABLE_OBJC_WEAK = YES;
				CLANG_WARN_BLOCK_CAPTURE_AUTORELEASING = YES;
				CLANG_WARN_BOOL_CONVERSION = YES;
				CLANG_WARN_COMMA = YES;
				CLANG_WARN_CONSTANT_CONVERSION = YES;
				CLANG_WARN_DEPRECATED_OBJC_IMPLEMENTATIONS = YES;
				CLANG_WARN_DIRECT_OBJC_ISA_USAGE = YES_ERROR;
				CLANG_WARN_DOCUMENTATION_COMMENTS = YES;
				CLANG_WARN_EMPTY_BODY = YES;
				CLANG_WARN_ENUM_CONVERSION = YES;
				CLANG_WARN_INFINITE_RECURSION = YES;
				CLANG_WARN_INT_CONVERSION = YES;
				CLANG_WARN_NON_LITERAL_NULL_CONVERSION = YES;
				CLANG_WARN_OBJC_IMPLICIT_RETAIN_SELF = YES;
				CLANG_WARN_OBJC_LITERAL_CONVERSION = YES;
				CLANG_WARN_OBJC_ROOT_CLASS = YES_ERROR;
				CLANG_WARN_QUOTED_INCLUDE_IN_FRAMEWORK_HEADER = YES;
				CLANG_WARN_RANGE_LOOP_ANALYSIS = YES;
				CLANG_WARN_STRICT_PROTOTYPES = YES;
				CLANG_WARN_SUSPICIOUS_MOVE = YES;
				CLANG_WARN_UNGUARDED_AVAILABILITY = YES_AGGRESSIVE;
				CLANG_WARN_UNREACHABLE_CODE = YES;
				CLANG_WARN__DUPLICATE_METHOD_MATCH = YES;
				COPY_PHASE_STRIP = NO;
				DEBUG_INFORMATION_FORMAT = "dwarf-with-dsym";
				ENABLE_NS_ASSERTIONS = NO;
				ENABLE_STRICT_OBJC_MSGSEND = YES;
				GCC_C_LANGUAGE_STANDARD = gnu11;
				GCC_NO_COMMON_BLOCKS = YES;
				GCC_WARN_64_TO_32_BIT_CONVERSION = YES;
				GCC_WARN_ABOUT_RETURN_TYPE = YES_ERROR;
				GCC_WARN_UNDECLARED_SELECTOR = YES;
				GCC_WARN_UNINITIALIZED_AUTOS = YES_AGGRESSIVE;
				GCC_WARN_UNUSED_FUNCTION = YES;
				GCC_WARN_UNUSED_VARIABLE = YES;
				IPHONEOS_DEPLOYMENT_TARGET = 15.0;
				MTL_ENABLE_DEBUG_INFO = NO;
				MTL_FAST_MATH = YES;
				SDKROOT = iphoneos;
				SWIFT_COMPILATION_MODE = wholemodule;
				SWIFT_OPTIMIZATION_LEVEL = "-O";
				VALIDATE_PRODUCT = YES;
			};
			name = Release;
		};
		83D3A508271DA8ED001EEBBB /* Debug */ = {
			isa = XCBuildConfiguration;
			buildSettings = {
				ASSETCATALOG_COMPILER_APPICON_NAME = AppIcon;
				ASSETCATALOG_COMPILER_GLOBAL_ACCENT_COLOR_NAME = AccentColor;
				CODE_SIGN_STYLE = Automatic;
				CURRENT_PROJECT_VERSION = 1;
				DEVELOPMENT_ASSET_PATHS = "\"App07-ImagePuzzle/Preview Content\"";
				ENABLE_PREVIEWS = YES;
				GENERATE_INFOPLIST_FILE = YES;
				INFOPLIST_KEY_UIApplicationSceneManifest_Generation = YES;
				INFOPLIST_KEY_UIApplicationSupportsIndirectInputEvents = YES;
				INFOPLIST_KEY_UILaunchScreen_Generation = YES;
				INFOPLIST_KEY_UISupportedInterfaceOrientations_iPad = "UIInterfaceOrientationPortrait UIInterfaceOrientationPortraitUpsideDown UIInterfaceOrientationLandscapeLeft UIInterfaceOrientationLandscapeRight";
				INFOPLIST_KEY_UISupportedInterfaceOrientations_iPhone = "UIInterfaceOrientationPortrait UIInterfaceOrientationLandscapeLeft UIInterfaceOrientationLandscapeRight";
				IPHONEOS_DEPLOYMENT_TARGET = 14.0;
				LD_RUNPATH_SEARCH_PATHS = (
					"$(inherited)",
					"@executable_path/Frameworks",
				);
				MARKETING_VERSION = 1.0;
				PRODUCT_BUNDLE_IDENTIFIER = "a01570405.App07-ImagePuzzle";
				PRODUCT_NAME = "$(TARGET_NAME)";
				SWIFT_EMIT_LOC_STRINGS = YES;
				SWIFT_VERSION = 5.0;
				TARGETED_DEVICE_FAMILY = "1,2";
			};
			name = Debug;
		};
		83D3A509271DA8ED001EEBBB /* Release */ = {
			isa = XCBuildConfiguration;
			buildSettings = {
				ASSETCATALOG_COMPILER_APPICON_NAME = AppIcon;
				ASSETCATALOG_COMPILER_GLOBAL_ACCENT_COLOR_NAME = AccentColor;
				CODE_SIGN_STYLE = Automatic;
				CURRENT_PROJECT_VERSION = 1;
				DEVELOPMENT_ASSET_PATHS = "\"App07-ImagePuzzle/Preview Content\"";
				ENABLE_PREVIEWS = YES;
				GENERATE_INFOPLIST_FILE = YES;
				INFOPLIST_KEY_UIApplicationSceneManifest_Generation = YES;
				INFOPLIST_KEY_UIApplicationSupportsIndirectInputEvents = YES;
				INFOPLIST_KEY_UILaunchScreen_Generation = YES;
				INFOPLIST_KEY_UISupportedInterfaceOrientations_iPad = "UIInterfaceOrientationPortrait UIInterfaceOrientationPortraitUpsideDown UIInterfaceOrientationLandscapeLeft UIInterfaceOrientationLandscapeRight";
				INFOPLIST_KEY_UISupportedInterfaceOrientations_iPhone = "UIInterfaceOrientationPortrait UIInterfaceOrientationLandscapeLeft UIInterfaceOrientationLandscapeRight";
				IPHONEOS_DEPLOYMENT_TARGET = 14.0;
				LD_RUNPATH_SEARCH_PATHS = (
					"$(inherited)",
					"@executable_path/Frameworks",
				);
				MARKETING_VERSION = 1.0;
				PRODUCT_BUNDLE_IDENTIFIER = "a01570405.App07-ImagePuzzle";
				PRODUCT_NAME = "$(TARGET_NAME)";
				SWIFT_EMIT_LOC_STRINGS = YES;
				SWIFT_VERSION = 5.0;
				TARGETED_DEVICE_FAMILY = "1,2";
			};
			name = Release;
		};
/* End XCBuildConfiguration section */

/* Begin XCConfigurationList section */
		83D3A4F4271DA8EB001EEBBB /* Build configuration list for PBXProject "App07-ImagePuzzle" */ = {
			isa = XCConfigurationList;
			buildConfigurations = (
				83D3A505271DA8ED001EEBBB /* Debug */,
				83D3A506271DA8ED001EEBBB /* Release */,
			);
			defaultConfigurationIsVisible = 0;
			defaultConfigurationName = Release;
		};
		83D3A507271DA8ED001EEBBB /* Build configuration list for PBXNativeTarget "App07-ImagePuzzle" */ = {
			isa = XCConfigurationList;
			buildConfigurations = (
				83D3A508271DA8ED001EEBBB /* Debug */,
				83D3A509271DA8ED001EEBBB /* Release */,
			);
			defaultConfigurationIsVisible = 0;
			defaultConfigurationName = Release;
		};
/* End XCConfigurationList section */
	};
	rootObject = 83D3A4F1271DA8EB001EEBBB /* Project object */;
}
